
Microsoft Visual Studio Solution File, Format Version 12.00
# Visual Studio Version 17
VisualStudioVersion = 17.4.33205.214
MinimumVisualStudioVersion = 10.0.40219.1
Project("{2150E333-8FDC-42A3-9474-1A3956D46DE8}") = "Core", "Core", "{48CBCEC7-A060-4A2C-ABE8-E843B9B85C9C}"
EndProject
Project("{FAE04EC0-301F-11D3-BF4B-00C04F79EFBC}") = "Domain", "Core\Domain\Domain.csproj", "{159E6401-9518-437C-9640-18820FBCFCDE}"
EndProject
Project("{FAE04EC0-301F-11D3-BF4B-00C04F79EFBC}") = "Application", "Core\Application\Application.csproj", "{C7C7FC4A-21C3-4FDE-875F-D29037729E06}"
EndProject
Project("{2150E333-8FDC-42A3-9474-1A3956D46DE8}") = "Infrastructure", "Infrastructure", "{96270AA6-124F-40CC-8C04-01CF4CD79086}"
EndProject
Project("{FAE04EC0-301F-11D3-BF4B-00C04F79EFBC}") = "Infrastructure", "Infrastructure\Infrastructure\Infrastructure.csproj", "{5739341F-DFD3-49E1-A458-1202C8FB3227}"
EndProject
Project("{FAE04EC0-301F-11D3-BF4B-00C04F79EFBC}") = "Persistance", "Infrastructure\Persistance\Persistance.csproj", "{6A2E8BAA-96CE-4D85-A560-9BD873F0832D}"
EndProject
Project("{2150E333-8FDC-42A3-9474-1A3956D46DE8}") = "Presentation", "Presentation", "{454E8803-89AF-4CF5-ADF9-9B09DA9CB689}"
EndProject
Project("{FAE04EC0-301F-11D3-BF4B-00C04F79EFBC}") = "Web-API", "Presentation\Web-API\Web-API.csproj", "{B52ABDD5-2289-425E-9710-7AD7A5D5311B}"
EndProject
Global
	GlobalSection(SolutionConfigurationPlatforms) = preSolution
		Debug|Any CPU = Debug|Any CPU
		Release|Any CPU = Release|Any CPU
	EndGlobalSection
	GlobalSection(ProjectConfigurationPlatforms) = postSolution
		{159E6401-9518-437C-9640-18820FBCFCDE}.Debug|Any CPU.ActiveCfg = Debug|Any CPU
		{159E6401-9518-437C-9640-18820FBCFCDE}.Debug|Any CPU.Build.0 = Debug|Any CPU
		{159E6401-9518-437C-9640-18820FBCFCDE}.Release|Any CPU.ActiveCfg = Release|Any CPU
		{159E6401-9518-437C-9640-18820FBCFCDE}.Release|Any CPU.Build.0 = Release|Any CPU
		{C7C7FC4A-21C3-4FDE-875F-D29037729E06}.Debug|Any CPU.ActiveCfg = Debug|Any CPU
		{C7C7FC4A-21C3-4FDE-875F-D29037729E06}.Debug|Any CPU.Build.0 = Debug|Any CPU
		{C7C7FC4A-21C3-4FDE-875F-D29037729E06}.Release|Any CPU.ActiveCfg = Release|Any CPU
		{C7C7FC4A-21C3-4FDE-875F-D29037729E06}.Release|Any CPU.Build.0 = Release|Any CPU
		{5739341F-DFD3-49E1-A458-1202C8FB3227}.Debug|Any CPU.ActiveCfg = Debug|Any CPU
		{5739341F-DFD3-49E1-A458-1202C8FB3227}.Debug|Any CPU.Build.0 = Debug|Any CPU
		{5739341F-DFD3-49E1-A458-1202C8FB3227}.Release|Any CPU.ActiveCfg = Release|Any CPU
		{5739341F-DFD3-49E1-A458-1202C8FB3227}.Release|Any CPU.Build.0 = Release|Any CPU
		{6A2E8BAA-96CE-4D85-A560-9BD873F0832D}.Debug|Any CPU.ActiveCfg = Debug|Any CPU
		{6A2E8BAA-96CE-4D85-A560-9BD873F0832D}.Debug|Any CPU.Build.0 = Debug|Any CPU
		{6A2E8BAA-96CE-4D85-A560-9BD873F0832D}.Release|Any CPU.ActiveCfg = Release|Any CPU
		{6A2E8BAA-96CE-4D85-A560-9BD873F0832D}.Release|Any CPU.Build.0 = Release|Any CPU
		{B52ABDD5-2289-425E-9710-7AD7A5D5311B}.Debug|Any CPU.ActiveCfg = Debug|Any CPU
		{B52ABDD5-2289-425E-9710-7AD7A5D5311B}.Debug|Any CPU.Build.0 = Debug|Any CPU
		{B52ABDD5-2289-425E-9710-7AD7A5D5311B}.Release|Any CPU.ActiveCfg = Release|Any CPU
		{B52ABDD5-2289-425E-9710-7AD7A5D5311B}.Release|Any CPU.Build.0 = Release|Any CPU
	EndGlobalSection
	GlobalSection(SolutionProperties) = preSolution
		HideSolutionNode = FALSE
	EndGlobalSection
	GlobalSection(NestedProjects) = preSolution
		{159E6401-9518-437C-9640-18820FBCFCDE} = {48CBCEC7-A060-4A2C-ABE8-E843B9B85C9C}
		{C7C7FC4A-21C3-4FDE-875F-D29037729E06} = {48CBCEC7-A060-4A2C-ABE8-E843B9B85C9C}
		{5739341F-DFD3-49E1-A458-1202C8FB3227} = {96270AA6-124F-40CC-8C04-01CF4CD79086}
		{6A2E8BAA-96CE-4D85-A560-9BD873F0832D} = {96270AA6-124F-40CC-8C04-01CF4CD79086}
		{B52ABDD5-2289-425E-9710-7AD7A5D5311B} = {454E8803-89AF-4CF5-ADF9-9B09DA9CB689}
	EndGlobalSection
	GlobalSection(ExtensibilityGlobals) = postSolution
		SolutionGuid = {CB7A2C8E-6A2D-4F2C-82D4-4ED34FE5E6A5}
	EndGlobalSection
EndGlobal
